<Solution>
  <Folder Name="/root/">
    <File Path=".gitignore" />
    <File Path="console-readme.md" />
    <File Path="readme-notes.md" />
    <File Path="README.md" />
  </Folder>
  <Project Path="Mp3Slap/Mp3Slap.csproj" />
  <Project Path="Mp3Slap.Test/Mp3Slap.Test.csproj" />
</Solution>
